
Microsoft Visual Studio Solution File, Format Version 12.00
# Visual Studio Version 17
VisualStudioVersion = 17.11.35312.102
MinimumVisualStudioVersion = 10.0.40219.1
Project("{9A19103F-16F7-4668-BE54-9A1E7A4F7556}") = "Authenticator.UI_WPF", "Authenticator.UI_WPF\Authenticator.UI_WPF.csproj", "{F2895683-DE48-4CF9-8EAD-21D8DAC58EF8}"
EndProject
Project("{2150E333-8FDC-42A3-9474-1A3956D46DE8}") = "Lib", "Lib", "{A98DAE47-322E-4037-934A-3133F433FDDB}"
EndProject
Project("{9A19103F-16F7-4668-BE54-9A1E7A4F7556}") = "UI_WPF", "..\UI_WPF\UI_WPF\UI_WPF.csproj", "{F53191F3-9C6A-4284-9B35-C393474A719D}"
EndProject
Project("{9A19103F-16F7-4668-BE54-9A1E7A4F7556}") = "Connector", "..\Connector\Connector\Connector.csproj", "{1D188F80-6CBC-422C-A19B-851FB1C51AD5}"
EndProject
Project("{2150E333-8FDC-42A3-9474-1A3956D46DE8}") = "Launchers", "Launchers", "{BFC36C77-7762-45E5-BB2D-D8E921FB5AA4}"
EndProject
Project("{9A19103F-16F7-4668-BE54-9A1E7A4F7556}") = "AuthenticatorStandalone", "Authenticator\AuthenticatorStandalone.csproj", "{C9EA79DE-F6AC-4772-97FC-86E816E441DE}"
EndProject
Project("{D954291E-2A0B-460D-934E-DC6B0785DB48}") = "AuthenticatorConnector", "AuthenticatorConnector\AuthenticatorConnector.shproj", "{7177769D-DB4A-4408-B262-1FACAC6CFAE1}"
EndProject
Project("{9A19103F-16F7-4668-BE54-9A1E7A4F7556}") = "AuthenticatorTests", "AuthenticatorTests\AuthenticatorTests.csproj", "{CDE2881D-5A03-4988-B9FF-1B33DC944C98}"
EndProject
Project("{9A19103F-16F7-4668-BE54-9A1E7A4F7556}") = "UserSettingsUtility", "UserSettingsUtility\UserSettingsUtility.csproj", "{E7984249-7138-4B64-874D-DE63A6F05FBE}"
EndProject
Project("{FAE04EC0-301F-11D3-BF4B-00C04F79EFBC}") = "AuthenticatorWPF", "AuthenticatorLibrary\AuthenticatorWPF.csproj", "{BF3B6BEB-A983-4E77-8BF0-119991F2D22B}"
EndProject
Global
	GlobalSection(SolutionConfigurationPlatforms) = preSolution
		Debug|Any CPU = Debug|Any CPU
		Debug|x64 = Debug|x64
		Release|Any CPU = Release|Any CPU
		Release|x64 = Release|x64
	EndGlobalSection
	GlobalSection(ProjectConfigurationPlatforms) = postSolution
		{F2895683-DE48-4CF9-8EAD-21D8DAC58EF8}.Debug|Any CPU.ActiveCfg = Debug|Any CPU
		{F2895683-DE48-4CF9-8EAD-21D8DAC58EF8}.Debug|Any CPU.Build.0 = Debug|Any CPU
		{F2895683-DE48-4CF9-8EAD-21D8DAC58EF8}.Debug|x64.ActiveCfg = Debug|Any CPU
		{F2895683-DE48-4CF9-8EAD-21D8DAC58EF8}.Debug|x64.Build.0 = Debug|Any CPU
		{F2895683-DE48-4CF9-8EAD-21D8DAC58EF8}.Release|Any CPU.ActiveCfg = Release|Any CPU
		{F2895683-DE48-4CF9-8EAD-21D8DAC58EF8}.Release|Any CPU.Build.0 = Release|Any CPU
		{F2895683-DE48-4CF9-8EAD-21D8DAC58EF8}.Release|x64.ActiveCfg = Release|Any CPU
		{F2895683-DE48-4CF9-8EAD-21D8DAC58EF8}.Release|x64.Build.0 = Release|Any CPU
		{F53191F3-9C6A-4284-9B35-C393474A719D}.Debug|Any CPU.ActiveCfg = Debug|Any CPU
		{F53191F3-9C6A-4284-9B35-C393474A719D}.Debug|Any CPU.Build.0 = Debug|Any CPU
		{F53191F3-9C6A-4284-9B35-C393474A719D}.Debug|x64.ActiveCfg = Debug|Any CPU
		{F53191F3-9C6A-4284-9B35-C393474A719D}.Debug|x64.Build.0 = Debug|Any CPU
		{F53191F3-9C6A-4284-9B35-C393474A719D}.Release|Any CPU.ActiveCfg = Release|Any CPU
		{F53191F3-9C6A-4284-9B35-C393474A719D}.Release|Any CPU.Build.0 = Release|Any CPU
		{F53191F3-9C6A-4284-9B35-C393474A719D}.Release|x64.ActiveCfg = Release|Any CPU
		{F53191F3-9C6A-4284-9B35-C393474A719D}.Release|x64.Build.0 = Release|Any CPU
		{1D188F80-6CBC-422C-A19B-851FB1C51AD5}.Debug|Any CPU.ActiveCfg = Debug|Any CPU
		{1D188F80-6CBC-422C-A19B-851FB1C51AD5}.Debug|Any CPU.Build.0 = Debug|Any CPU
		{1D188F80-6CBC-422C-A19B-851FB1C51AD5}.Debug|x64.ActiveCfg = Debug|Any CPU
		{1D188F80-6CBC-422C-A19B-851FB1C51AD5}.Debug|x64.Build.0 = Debug|Any CPU
		{1D188F80-6CBC-422C-A19B-851FB1C51AD5}.Release|Any CPU.ActiveCfg = Release|Any CPU
		{1D188F80-6CBC-422C-A19B-851FB1C51AD5}.Release|Any CPU.Build.0 = Release|Any CPU
		{1D188F80-6CBC-422C-A19B-851FB1C51AD5}.Release|x64.ActiveCfg = Release|Any CPU
		{1D188F80-6CBC-422C-A19B-851FB1C51AD5}.Release|x64.Build.0 = Release|Any CPU
		{C9EA79DE-F6AC-4772-97FC-86E816E441DE}.Debug|Any CPU.ActiveCfg = Debug|Any CPU
		{C9EA79DE-F6AC-4772-97FC-86E816E441DE}.Debug|Any CPU.Build.0 = Debug|Any CPU
		{C9EA79DE-F6AC-4772-97FC-86E816E441DE}.Debug|x64.ActiveCfg = Debug|x64
		{C9EA79DE-F6AC-4772-97FC-86E816E441DE}.Debug|x64.Build.0 = Debug|x64
		{C9EA79DE-F6AC-4772-97FC-86E816E441DE}.Release|Any CPU.ActiveCfg = Release|Any CPU
		{C9EA79DE-F6AC-4772-97FC-86E816E441DE}.Release|Any CPU.Build.0 = Release|Any CPU
		{C9EA79DE-F6AC-4772-97FC-86E816E441DE}.Release|x64.ActiveCfg = Release|x64
		{C9EA79DE-F6AC-4772-97FC-86E816E441DE}.Release|x64.Build.0 = Release|x64
		{CDE2881D-5A03-4988-B9FF-1B33DC944C98}.Debug|Any CPU.ActiveCfg = Debug|Any CPU
		{CDE2881D-5A03-4988-B9FF-1B33DC944C98}.Debug|Any CPU.Build.0 = Debug|Any CPU
		{CDE2881D-5A03-4988-B9FF-1B33DC944C98}.Debug|x64.ActiveCfg = Debug|Any CPU
		{CDE2881D-5A03-4988-B9FF-1B33DC944C98}.Debug|x64.Build.0 = Debug|Any CPU
		{CDE2881D-5A03-4988-B9FF-1B33DC944C98}.Release|Any CPU.ActiveCfg = Release|Any CPU
		{CDE2881D-5A03-4988-B9FF-1B33DC944C98}.Release|Any CPU.Build.0 = Release|Any CPU
		{CDE2881D-5A03-4988-B9FF-1B33DC944C98}.Release|x64.ActiveCfg = Release|Any CPU
		{CDE2881D-5A03-4988-B9FF-1B33DC944C98}.Release|x64.Build.0 = Release|Any CPU
		{E7984249-7138-4B64-874D-DE63A6F05FBE}.Debug|Any CPU.ActiveCfg = Debug|Any CPU
		{E7984249-7138-4B64-874D-DE63A6F05FBE}.Debug|Any CPU.Build.0 = Debug|Any CPU
		{E7984249-7138-4B64-874D-DE63A6F05FBE}.Debug|x64.ActiveCfg = Debug|Any CPU
		{E7984249-7138-4B64-874D-DE63A6F05FBE}.Debug|x64.Build.0 = Debug|Any CPU
		{E7984249-7138-4B64-874D-DE63A6F05FBE}.Release|Any CPU.ActiveCfg = Release|Any CPU
		{E7984249-7138-4B64-874D-DE63A6F05FBE}.Release|Any CPU.Build.0 = Release|Any CPU
		{E7984249-7138-4B64-874D-DE63A6F05FBE}.Release|x64.ActiveCfg = Release|Any CPU
		{E7984249-7138-4B64-874D-DE63A6F05FBE}.Release|x64.Build.0 = Release|Any CPU
		{BF3B6BEB-A983-4E77-8BF0-119991F2D22B}.Debug|Any CPU.ActiveCfg = Debug|Any CPU
		{BF3B6BEB-A983-4E77-8BF0-119991F2D22B}.Debug|Any CPU.Build.0 = Debug|Any CPU
		{BF3B6BEB-A983-4E77-8BF0-119991F2D22B}.Debug|x64.ActiveCfg = Debug|Any CPU
		{BF3B6BEB-A983-4E77-8BF0-119991F2D22B}.Debug|x64.Build.0 = Debug|Any CPU
		{BF3B6BEB-A983-4E77-8BF0-119991F2D22B}.Release|Any CPU.ActiveCfg = Release|Any CPU
		{BF3B6BEB-A983-4E77-8BF0-119991F2D22B}.Release|Any CPU.Build.0 = Release|Any CPU
		{BF3B6BEB-A983-4E77-8BF0-119991F2D22B}.Release|x64.ActiveCfg = Release|Any CPU
		{BF3B6BEB-A983-4E77-8BF0-119991F2D22B}.Release|x64.Build.0 = Release|Any CPU
	EndGlobalSection
	GlobalSection(SolutionProperties) = preSolution
		HideSolutionNode = FALSE
	EndGlobalSection
	GlobalSection(NestedProjects) = preSolution
		{F53191F3-9C6A-4284-9B35-C393474A719D} = {A98DAE47-322E-4037-934A-3133F433FDDB}
		{1D188F80-6CBC-422C-A19B-851FB1C51AD5} = {A98DAE47-322E-4037-934A-3133F433FDDB}
		{C9EA79DE-F6AC-4772-97FC-86E816E441DE} = {BFC36C77-7762-45E5-BB2D-D8E921FB5AA4}
		{E7984249-7138-4B64-874D-DE63A6F05FBE} = {BFC36C77-7762-45E5-BB2D-D8E921FB5AA4}
		{BF3B6BEB-A983-4E77-8BF0-119991F2D22B} = {BFC36C77-7762-45E5-BB2D-D8E921FB5AA4}
	EndGlobalSection
	GlobalSection(ExtensibilityGlobals) = postSolution
		SolutionGuid = {407B9CF9-9D94-446E-BF80-AB19B0F4438C}
	EndGlobalSection
	GlobalSection(SharedMSBuildProjectFiles) = preSolution
		AuthenticatorConnector\AuthenticatorConnector.projitems*{7177769d-db4a-4408-b262-1facac6cfae1}*SharedItemsImports = 13
		AuthenticatorConnector\AuthenticatorConnector.projitems*{bf3b6beb-a983-4e77-8bf0-119991f2d22b}*SharedItemsImports = 5
		AuthenticatorConnector\AuthenticatorConnector.projitems*{c9ea79de-f6ac-4772-97fc-86e816e441de}*SharedItemsImports = 5
		AuthenticatorConnector\AuthenticatorConnector.projitems*{e7984249-7138-4b64-874d-de63a6f05fbe}*SharedItemsImports = 5
	EndGlobalSection
EndGlobal
